
Microsoft Visual Studio Solution File, Format Version 12.00
# Visual Studio 15
VisualStudioVersion = 15.0.28307.329
MinimumVisualStudioVersion = 10.0.40219.1
Project("{FAE04EC0-301F-11D3-BF4B-00C04F79EFBC}") = "Students", "Students\Students.csproj", "{4C5EF74D-A26D-4479-8212-B1381F4BBF2B}"
EndProject
Global
	GlobalSection(SolutionConfigurationPlatforms) = preSolution
		Debug|Any CPU = Debug|Any CPU
		Release|Any CPU = Release|Any CPU
	EndGlobalSection
	GlobalSection(ProjectConfigurationPlatforms) = postSolution
		{4C5EF74D-A26D-4479-8212-B1381F4BBF2B}.Debug|Any CPU.ActiveCfg = Debug|Any CPU
		{4C5EF74D-A26D-4479-8212-B1381F4BBF2B}.Debug|Any CPU.Build.0 = Debug|Any CPU
		{4C5EF74D-A26D-4479-8212-B1381F4BBF2B}.Release|Any CPU.ActiveCfg = Release|Any CPU
		{4C5EF74D-A26D-4479-8212-B1381F4BBF2B}.Release|Any CPU.Build.0 = Release|Any CPU
	EndGlobalSection
	GlobalSection(SolutionProperties) = preSolution
		HideSolutionNode = FALSE
	EndGlobalSection
	GlobalSection(ExtensibilityGlobals) = postSolution
		SolutionGuid = {2B05AB08-A324-4C88-B087-3ABAE9CECD27}
	EndGlobalSection
EndGlobal
